Microsoft Visual Studio Solution File, Format Version 12.00
# Visual Studio Version 17
VisualStudioVersion = 17.5.2.0
MinimumVisualStudioVersion = 10.0.40219.1
Project("{FAE04EC0-301F-11D3-BF4B-00C04F79EFBC}") = "RevoltEngine", "RevoltEngine.csproj", "{639DFBB5-1C35-531D-8036-C97DA960CA3C}"
EndProject
Global
	GlobalSection(SolutionConfigurationPlatforms) = preSolution
		Debug|Any CPU = Debug|Any CPU
		Release|Any CPU = Release|Any CPU
	EndGlobalSection
	GlobalSection(ProjectConfigurationPlatforms) = postSolution
		{639DFBB5-1C35-531D-8036-C97DA960CA3C}.Debug|Any CPU.ActiveCfg = Debug|Any CPU
		{639DFBB5-1C35-531D-8036-C97DA960CA3C}.Debug|Any CPU.Build.0 = Debug|Any CPU
		{639DFBB5-1C35-531D-8036-C97DA960CA3C}.Release|Any CPU.ActiveCfg = Release|Any CPU
		{639DFBB5-1C35-531D-8036-C97DA960CA3C}.Release|Any CPU.Build.0 = Release|Any CPU
	EndGlobalSection
	GlobalSection(SolutionProperties) = preSolution
		HideSolutionNode = FALSE
	EndGlobalSection
	GlobalSection(ExtensibilityGlobals) = postSolution
		SolutionGuid = {25773349-3ECF-4B25-B8DA-C2E9B3845170}
	EndGlobalSection
EndGlobal
